
Microsoft Visual Studio Solution File, Format Version 12.00
# Visual Studio 14
VisualStudioVersion = 14.0.25420.1
MinimumVisualStudioVersion = 10.0.40219.1
Project("{FAE04EC0-301F-11D3-BF4B-00C04F79EFBC}") = "购物网", "购物网\购物网.csproj", "{3FB03523-1822-4853-919B-FE27AD809DB2}"
EndProject
Project("{FAE04EC0-301F-11D3-BF4B-00C04F79EFBC}") = "Entity", "Entity\Entity.csproj", "{9ADE0D76-3DE7-40C3-AA9F-2C6B201D5CFD}"
EndProject
Project("{FAE04EC0-301F-11D3-BF4B-00C04F79EFBC}") = "Sqldbconn", "Sqldbconn\Sqldbconn.csproj", "{965ABA45-CE95-40A5-98D9-DC7EB9B6AB2E}"
EndProject
Global
	GlobalSection(SolutionConfigurationPlatforms) = preSolution
		Debug|Any CPU = Debug|Any CPU
		Release|Any CPU = Release|Any CPU
	EndGlobalSection
	GlobalSection(ProjectConfigurationPlatforms) = postSolution
		{3FB03523-1822-4853-919B-FE27AD809DB2}.Debug|Any CPU.ActiveCfg = Debug|Any CPU
		{3FB03523-1822-4853-919B-FE27AD809DB2}.Debug|Any CPU.Build.0 = Debug|Any CPU
		{3FB03523-1822-4853-919B-FE27AD809DB2}.Release|Any CPU.ActiveCfg = Release|Any CPU
		{3FB03523-1822-4853-919B-FE27AD809DB2}.Release|Any CPU.Build.0 = Release|Any CPU
		{9ADE0D76-3DE7-40C3-AA9F-2C6B201D5CFD}.Debug|Any CPU.ActiveCfg = Debug|Any CPU
		{9ADE0D76-3DE7-40C3-AA9F-2C6B201D5CFD}.Debug|Any CPU.Build.0 = Debug|Any CPU
		{9ADE0D76-3DE7-40C3-AA9F-2C6B201D5CFD}.Release|Any CPU.ActiveCfg = Release|Any CPU
		{9ADE0D76-3DE7-40C3-AA9F-2C6B201D5CFD}.Release|Any CPU.Build.0 = Release|Any CPU
		{965ABA45-CE95-40A5-98D9-DC7EB9B6AB2E}.Debug|Any CPU.ActiveCfg = Debug|Any CPU
		{965ABA45-CE95-40A5-98D9-DC7EB9B6AB2E}.Debug|Any CPU.Build.0 = Debug|Any CPU
		{965ABA45-CE95-40A5-98D9-DC7EB9B6AB2E}.Release|Any CPU.ActiveCfg = Release|Any CPU
		{965ABA45-CE95-40A5-98D9-DC7EB9B6AB2E}.Release|Any CPU.Build.0 = Release|Any CPU
	EndGlobalSection
	GlobalSection(SolutionProperties) = preSolution
		HideSolutionNode = FALSE
	EndGlobalSection
EndGlobal
